
Microsoft Visual Studio Solution File, Format Version 12.00
# Visual Studio Version 17
VisualStudioVersion = 17.0.32126.317
MinimumVisualStudioVersion = 10.0.40219.1
Project("{FAE04EC0-301F-11D3-BF4B-00C04F79EFBC}") = "HandlerProject", "HandlerProject\HandlerProject.csproj", "{C2F5A733-E1ED-4D4F-860B-2BE1081567A0}"
EndProject
Project("{FAE04EC0-301F-11D3-BF4B-00C04F79EFBC}") = "HandlerProject.UnitTests", "..\HandlerProject.UnitTests\HandlerProject.UnitTests.csproj", "{6D5516EF-0330-4B72-B9D9-AC553DD09A45}"
EndProject
Global
	GlobalSection(SolutionConfigurationPlatforms) = preSolution
		Debug|Any CPU = Debug|Any CPU
		Release|Any CPU = Release|Any CPU
	EndGlobalSection
	GlobalSection(ProjectConfigurationPlatforms) = postSolution
		{C2F5A733-E1ED-4D4F-860B-2BE1081567A0}.Debug|Any CPU.ActiveCfg = Debug|Any CPU
		{C2F5A733-E1ED-4D4F-860B-2BE1081567A0}.Debug|Any CPU.Build.0 = Debug|Any CPU
		{C2F5A733-E1ED-4D4F-860B-2BE1081567A0}.Release|Any CPU.ActiveCfg = Release|Any CPU
		{C2F5A733-E1ED-4D4F-860B-2BE1081567A0}.Release|Any CPU.Build.0 = Release|Any CPU
		{6D5516EF-0330-4B72-B9D9-AC553DD09A45}.Debug|Any CPU.ActiveCfg = Debug|Any CPU
		{6D5516EF-0330-4B72-B9D9-AC553DD09A45}.Debug|Any CPU.Build.0 = Debug|Any CPU
		{6D5516EF-0330-4B72-B9D9-AC553DD09A45}.Release|Any CPU.ActiveCfg = Release|Any CPU
		{6D5516EF-0330-4B72-B9D9-AC553DD09A45}.Release|Any CPU.Build.0 = Release|Any CPU
	EndGlobalSection
	GlobalSection(SolutionProperties) = preSolution
		HideSolutionNode = FALSE
	EndGlobalSection
	GlobalSection(ExtensibilityGlobals) = postSolution
		SolutionGuid = {8619ADB3-4436-4AF0-A314-253947BB90AA}
	EndGlobalSection
EndGlobal
